
Microsoft Visual Studio Solution File, Format Version 12.00
# Visual Studio Version 16
VisualStudioVersion = 16.0.31105.61
MinimumVisualStudioVersion = 10.0.40219.1
Project("{FAE04EC0-301F-11D3-BF4B-00C04F79EFBC}") = "TrungTamTinHoc", "TrungTamTinHoc\TrungTamTinHoc.csproj", "{9F51BFC1-3167-4399-9B62-13B0D349F71B}"
EndProject
Global
	GlobalSection(SolutionConfigurationPlatforms) = preSolution
		Debug|Any CPU = Debug|Any CPU
		Release|Any CPU = Release|Any CPU
	EndGlobalSection
	GlobalSection(ProjectConfigurationPlatforms) = postSolution
		{9F51BFC1-3167-4399-9B62-13B0D349F71B}.Debug|Any CPU.ActiveCfg = Debug|Any CPU
		{9F51BFC1-3167-4399-9B62-13B0D349F71B}.Debug|Any CPU.Build.0 = Debug|Any CPU
		{9F51BFC1-3167-4399-9B62-13B0D349F71B}.Release|Any CPU.ActiveCfg = Release|Any CPU
		{9F51BFC1-3167-4399-9B62-13B0D349F71B}.Release|Any CPU.Build.0 = Release|Any CPU
	EndGlobalSection
	GlobalSection(SolutionProperties) = preSolution
		HideSolutionNode = FALSE
	EndGlobalSection
	GlobalSection(ExtensibilityGlobals) = postSolution
		SolutionGuid = {0DAF9507-CFA4-4E7E-86CB-731583196B1C}
	EndGlobalSection
EndGlobal
